
Microsoft Visual Studio Solution File, Format Version 12.00
# Visual Studio Version 17
VisualStudioVersion = 17.8.34330.188
MinimumVisualStudioVersion = 10.0.40219.1
Project("{9A19103F-16F7-4668-BE54-9A1E7A4F7556}") = "BuildingBlocks", "BuildingBlocks\BuildingBlocks\BuildingBlocks.csproj", "{13D3E72A-D554-4159-BF58-E5F75DF970E2}"
EndProject
Project("{2150E333-8FDC-42A3-9474-1A3956D46DE8}") = "Services", "Services", "{DE926742-F630-4D15-B7DB-EA9F88B0BB11}"
EndProject
Project("{2150E333-8FDC-42A3-9474-1A3956D46DE8}") = "Catalog", "Catalog", "{DA9AAAB4-0C6D-4075-9FEC-4BA68A7B0A4E}"
EndProject
Project("{9A19103F-16F7-4668-BE54-9A1E7A4F7556}") = "Catalog.API", "Services\Catalog\Catalog.API\Catalog.API.csproj", "{8B00E309-E172-4E3D-B836-18F985E2C523}"
EndProject
Project("{E53339B2-1760-4266-BCC7-CA923CBCF16C}") = "docker-compose", "docker-compose.dcproj", "{258CFD8C-9367-493B-BFD7-E4E811BA3DF2}"
EndProject
Project("{2150E333-8FDC-42A3-9474-1A3956D46DE8}") = "Cart", "Cart", "{1191982E-D37D-4C1A-920D-EDB43C3121DB}"
EndProject
Project("{9A19103F-16F7-4668-BE54-9A1E7A4F7556}") = "Cart.API", "Services\Cart\Cart.API\Cart.API.csproj", "{6840DEBF-4A86-4387-A7E3-A181ED5C9867}"
EndProject
Project("{2150E333-8FDC-42A3-9474-1A3956D46DE8}") = "Discount", "Discount", "{B112FF3B-DB36-47C5-B6A6-33FFFB52979A}"
EndProject
Project("{FAE04EC0-301F-11D3-BF4B-00C04F79EFBC}") = "Discount.gRPC", "Services\Discount\Discount.gRPC\Discount.gRPC.csproj", "{EDED33A8-909E-4A74-9CFA-DDA5E0B75EF4}"
EndProject
Global
	GlobalSection(SolutionConfigurationPlatforms) = preSolution
		Debug|Any CPU = Debug|Any CPU
		Release|Any CPU = Release|Any CPU
	EndGlobalSection
	GlobalSection(ProjectConfigurationPlatforms) = postSolution
		{13D3E72A-D554-4159-BF58-E5F75DF970E2}.Debug|Any CPU.ActiveCfg = Debug|Any CPU
		{13D3E72A-D554-4159-BF58-E5F75DF970E2}.Debug|Any CPU.Build.0 = Debug|Any CPU
		{13D3E72A-D554-4159-BF58-E5F75DF970E2}.Release|Any CPU.ActiveCfg = Release|Any CPU
		{13D3E72A-D554-4159-BF58-E5F75DF970E2}.Release|Any CPU.Build.0 = Release|Any CPU
		{8B00E309-E172-4E3D-B836-18F985E2C523}.Debug|Any CPU.ActiveCfg = Debug|Any CPU
		{8B00E309-E172-4E3D-B836-18F985E2C523}.Debug|Any CPU.Build.0 = Debug|Any CPU
		{8B00E309-E172-4E3D-B836-18F985E2C523}.Release|Any CPU.ActiveCfg = Release|Any CPU
		{8B00E309-E172-4E3D-B836-18F985E2C523}.Release|Any CPU.Build.0 = Release|Any CPU
		{258CFD8C-9367-493B-BFD7-E4E811BA3DF2}.Debug|Any CPU.ActiveCfg = Debug|Any CPU
		{258CFD8C-9367-493B-BFD7-E4E811BA3DF2}.Debug|Any CPU.Build.0 = Debug|Any CPU
		{258CFD8C-9367-493B-BFD7-E4E811BA3DF2}.Release|Any CPU.ActiveCfg = Release|Any CPU
		{258CFD8C-9367-493B-BFD7-E4E811BA3DF2}.Release|Any CPU.Build.0 = Release|Any CPU
		{6840DEBF-4A86-4387-A7E3-A181ED5C9867}.Debug|Any CPU.ActiveCfg = Debug|Any CPU
		{6840DEBF-4A86-4387-A7E3-A181ED5C9867}.Debug|Any CPU.Build.0 = Debug|Any CPU
		{6840DEBF-4A86-4387-A7E3-A181ED5C9867}.Release|Any CPU.ActiveCfg = Release|Any CPU
		{6840DEBF-4A86-4387-A7E3-A181ED5C9867}.Release|Any CPU.Build.0 = Release|Any CPU
		{EDED33A8-909E-4A74-9CFA-DDA5E0B75EF4}.Debug|Any CPU.ActiveCfg = Debug|Any CPU
		{EDED33A8-909E-4A74-9CFA-DDA5E0B75EF4}.Debug|Any CPU.Build.0 = Debug|Any CPU
		{EDED33A8-909E-4A74-9CFA-DDA5E0B75EF4}.Release|Any CPU.ActiveCfg = Release|Any CPU
		{EDED33A8-909E-4A74-9CFA-DDA5E0B75EF4}.Release|Any CPU.Build.0 = Release|Any CPU
	EndGlobalSection
	GlobalSection(SolutionProperties) = preSolution
		HideSolutionNode = FALSE
	EndGlobalSection
	GlobalSection(NestedProjects) = preSolution
		{DA9AAAB4-0C6D-4075-9FEC-4BA68A7B0A4E} = {DE926742-F630-4D15-B7DB-EA9F88B0BB11}
		{8B00E309-E172-4E3D-B836-18F985E2C523} = {DA9AAAB4-0C6D-4075-9FEC-4BA68A7B0A4E}
		{1191982E-D37D-4C1A-920D-EDB43C3121DB} = {DE926742-F630-4D15-B7DB-EA9F88B0BB11}
		{6840DEBF-4A86-4387-A7E3-A181ED5C9867} = {1191982E-D37D-4C1A-920D-EDB43C3121DB}
		{B112FF3B-DB36-47C5-B6A6-33FFFB52979A} = {DE926742-F630-4D15-B7DB-EA9F88B0BB11}
		{EDED33A8-909E-4A74-9CFA-DDA5E0B75EF4} = {B112FF3B-DB36-47C5-B6A6-33FFFB52979A}
	EndGlobalSection
	GlobalSection(ExtensibilityGlobals) = postSolution
		SolutionGuid = {F337241D-714C-47C8-A6D3-8103FEAC1608}
	EndGlobalSection
EndGlobal
